<?xml version="1.0" encoding="utf-8"?>
<Project ToolsVersion="4.0" xmlns="http://schemas.microsoft.com/developer/msbuild/2003">
  <ItemGroup>
    <Filter Include="include">
      <UniqueIdentifier>{9c91709b-1968-413d-b2bd-bd502dd6aa65}</UniqueIdentifier>
    </Filter>
    <Filter Include="include\src">
      <UniqueIdentifier>{5cc7c3ff-231f-444a-bedf-5b600076e7a9}</UniqueIdentifier>
    </Filter>
    <Filter Include="include\src\Allocator">
      <UniqueIdentifier>{9f8ba752-7e04-404c-9dae-ef16077796d3}</UniqueIdentifier>
    </Filter>
    <Filter Include="include\src\Pointer">
      <UniqueIdentifier>{58b2d2f6-c004-4486-94c1-8a94e5e39255}</UniqueIdentifier>
    </Filter>
    <Filter Include="include\src\Pointer\Shared">
      <UniqueIdentifier>{9373d234-c913-43a7-aa02-608594b09d6d}</UniqueIdentifier>
    </Filter>
    <Filter Include="include\src\Pointer\Unique">
      <UniqueIdentifier>{d98bb43c-9944-4f08-ae54-675c5ef14769}</UniqueIdentifier>
    </Filter>
    <Filter Include="include\src\Block">
      <UniqueIdentifier>{5aed2aca-f6d9-4806-93f6-34c8bbdeb973}</UniqueIdentifier>
    </Filter>
    <Filter Include="include\src\Block\Resizable">
      <UniqueIdentifier>{55abc744-68e0-44ee-be53-9463e11e8d3d}</UniqueIdentifier>
    </Filter>
  </ItemGroup>
  <ItemGroup>
    <ClInclude Include="include\Memory.hpp">
      <Filter>include</Filter>
    </ClInclude>
    <ClInclude Include="include\src\Allocator\MemoryAllocator.h">
      <Filter>include\src\Allocator</Filter>
    </ClInclude>
    <ClInclude Include="include\src\Pointer\Unique\UniquePtr.h">
      <Filter>include\src\Pointer\Unique</Filter>
    </ClInclude>
    <ClInclude Include="include\src\Pointer\Shared\SharedPtr.h">
      <Filter>include\src\Pointer\Shared</Filter>
    </ClInclude>
    <ClInclude Include="include\src\Block\Resizable\ResizableMemoryBlock.h">
      <Filter>include\src\Block\Resizable</Filter>
    </ClInclude>
  </ItemGroup>
  <ItemGroup>
    <ClCompile Include="include\src\Allocator\MemoryAllocator.cpp">
      <Filter>include\src\Allocator</Filter>
    </ClCompile>
    <ClCompile Include="include\src\Block\Resizable\ResizableMemoryBlock.cpp">
      <Filter>include\src\Block\Resizable</Filter>
    </ClCompile>
  </ItemGroup>
</Project>