<?xml version="1.0" encoding="utf-8"?>
<Project ToolsVersion="4.0" xmlns="http://schemas.microsoft.com/developer/msbuild/2003">
  <ItemGroup>
    <Filter Include="include">
      <UniqueIdentifier>{d3b93408-affb-4052-b367-e5eba86d03b9}</UniqueIdentifier>
    </Filter>
    <Filter Include="include\src">
      <UniqueIdentifier>{cc59ebc6-026b-48c6-a2da-c7894d9a9673}</UniqueIdentifier>
    </Filter>
    <Filter Include="include\src\TypeID">
      <UniqueIdentifier>{a3ae19d0-1ac4-4812-ac5e-ea7833d34a9e}</UniqueIdentifier>
    </Filter>
  </ItemGroup>
  <ItemGroup>
    <ClInclude Include="include\TypeInfo.hpp">
      <Filter>include</Filter>
    </ClInclude>
    <ClInclude Include="include\src\TypeID\TypeID.h">
      <Filter>include\src\TypeID</Filter>
    </ClInclude>
  </ItemGroup>
  <ItemGroup>
    <ClCompile Include="include\src\TypeID\TypeID.cpp">
      <Filter>include\src\TypeID</Filter>
    </ClCompile>
  </ItemGroup>
</Project>