<?xml version="1.0" encoding="utf-8"?>
<Project ToolsVersion="4.0" xmlns="http://schemas.microsoft.com/developer/msbuild/2003">
  <ItemGroup>
    <Filter Include="include">
      <UniqueIdentifier>{c77a7aa0-31cc-4fff-8413-e0fd3006801f}</UniqueIdentifier>
    </Filter>
    <Filter Include="include\src">
      <UniqueIdentifier>{cee35ae2-7e88-49d6-a2df-33ab01c27770}</UniqueIdentifier>
    </Filter>
    <Filter Include="include\src\RecyclableID">
      <UniqueIdentifier>{d2cc1f4e-854f-4f3e-8936-47d9b0e4d839}</UniqueIdentifier>
    </Filter>
  </ItemGroup>
  <ItemGroup>
    <ClInclude Include="include\src\RecyclableID\RecyclableID.h">
      <Filter>include\src\RecyclableID</Filter>
    </ClInclude>
    <ClInclude Include="include\Utility.hpp">
      <Filter>include</Filter>
    </ClInclude>
  </ItemGroup>
  <ItemGroup>
    <ClCompile Include="include\src\RecyclableID\RecyclableID.cpp">
      <Filter>include\src\RecyclableID</Filter>
    </ClCompile>
  </ItemGroup>
</Project>